github.com/gloo-foo/framework v0.0.1 h1:RCI+rT/SSY51R3qGLz8u6zjt113dny7Yf2ZM6+MhqHE=
github.com/gloo-foo/framework v0.0.1/go.mod h1:p9P7iz84iZ4+c7BoOrVcKl7yuWVZ79eaCmWkM44FJ4c=
github.com/gloo-foo/framework v0.0.3 h1:1ZmonNQ0ftuIrDEQ2G/mfY4qcODLyECI71UxtEgo1Fw=
github.com/gloo-foo/framework v0.0.3/go.mod h1:p9P7iz84iZ4+c7BoOrVcKl7yuWVZ79eaCmWkM44FJ4c=
github.com/yupsh/dirname v0.0.2 h1:pL1fUZKKMpWkz4zY2mR/Tf3TV53RuqIhvfow2/fSAC4=
github.com/yupsh/dirname v0.0.2/go.mod h1:4UxkXmGKUocSh332z0rT0zq1UI7bn5ljze0F6i9XMnA=
github.com/yupsh/dirname v0.0.3 h1:cJxKeIlc0wqjUm3OZIEpMWWhoFrPEI2OgAicCm4fzTk=
github.com/yupsh/dirname v0.0.3/go.mod h1:4UxkXmGKUocSh332z0rT0zq1UI7bn5ljze0F6i9XMnA=
